// !$*UTF8*$!
{
	archiveVersion = 1;
	classes = {
	};
	objectVersion = 50;
	objects = {

/* Begin PBXBuildFile section */
		237BFC48244915FF00AC8F98 /* AppDelegate.swift in Sources */ = {isa = PBXBuildFile; fileRef = 237BFC47244915FF00AC8F98 /* AppDelegate.swift */; };
		237BFC4A244915FF00AC8F98 /* SceneDelegate.swift in Sources */ = {isa = PBXBuildFile; fileRef = 237BFC49244915FF00AC8F98 /* SceneDelegate.swift */; };
		237BFC4C244915FF00AC8F98 /* ViewController.swift in Sources */ = {isa = PBXBuildFile; fileRef = 237BFC4B244915FF00AC8F98 /* ViewController.swift */; };
		237BFC4F244915FF00AC8F98 /* Main.storyboard in Resources */ = {isa = PBXBuildFile; fileRef = 237BFC4D244915FF00AC8F98 /* Main.storyboard */; };
		237BFC512449160500AC8F98 /* Assets.xcassets in Resources */ = {isa = PBXBuildFile; fileRef = 237BFC502449160500AC8F98 /* Assets.xcassets */; };
		237BFC542449160500AC8F98 /* LaunchScreen.storyboard in Resources */ = {isa = PBXBuildFile; fileRef = 237BFC522449160500AC8F98 /* LaunchScreen.storyboard */; };
		237BFC5C244A1A4900AC8F98 /* LoginViewController.swift in Sources */ = {isa = PBXBuildFile; fileRef = 237BFC5B244A1A4900AC8F98 /* LoginViewController.swift */; };
		237BFC5E244B243A00AC8F98 /* RegisterViewController.swift in Sources */ = {isa = PBXBuildFile; fileRef = 237BFC5D244B243A00AC8F98 /* RegisterViewController.swift */; };
		237BFC61244B492C00AC8F98 /* MainTabBarController.swift in Sources */ = {isa = PBXBuildFile; fileRef = 237BFC60244B492C00AC8F98 /* MainTabBarController.swift */; };
		C6C0887C244C660500CB0A7A /* HomeVC.swift in Sources */ = {isa = PBXBuildFile; fileRef = C6C0887B244C660500CB0A7A /* HomeVC.swift */; };
		C6C0887E244C673F00CB0A7A /* BaseVC.swift in Sources */ = {isa = PBXBuildFile; fileRef = C6C0887D244C673F00CB0A7A /* BaseVC.swift */; };
		C6C08882244C68A800CB0A7A /* ProfileVC.swift in Sources */ = {isa = PBXBuildFile; fileRef = C6C08881244C68A800CB0A7A /* ProfileVC.swift */; };
		C6C08884244C68DA00CB0A7A /* AddWishVC.swift in Sources */ = {isa = PBXBuildFile; fileRef = C6C08883244C68DA00CB0A7A /* AddWishVC.swift */; };
		C6C08886244C68FE00CB0A7A /* SearchVC.swift in Sources */ = {isa = PBXBuildFile; fileRef = C6C08885244C68FE00CB0A7A /* SearchVC.swift */; };
		C6C08888244C69CB00CB0A7A /* FriendsVC.swift in Sources */ = {isa = PBXBuildFile; fileRef = C6C08887244C69CB00CB0A7A /* FriendsVC.swift */; };
/* End PBXBuildFile section */

/* Begin PBXFileReference section */
		237BFC44244915FF00AC8F98 /* the-giftcher-ios.app */ = {isa = PBXFileReference; explicitFileType = wrapper.application; includeInIndex = 0; path = "the-giftcher-ios.app"; sourceTree = BUILT_PRODUCTS_DIR; };
		237BFC47244915FF00AC8F98 /* AppDelegate.swift */ = {isa = PBXFileReference; lastKnownFileType = sourcecode.swift; path = AppDelegate.swift; sourceTree = "<group>"; };
		237BFC49244915FF00AC8F98 /* SceneDelegate.swift */ = {isa = PBXFileReference; lastKnownFileType = sourcecode.swift; path = SceneDelegate.swift; sourceTree = "<group>"; };
		237BFC4B244915FF00AC8F98 /* ViewController.swift */ = {isa = PBXFileReference; lastKnownFileType = sourcecode.swift; path = ViewController.swift; sourceTree = "<group>"; };
		237BFC4E244915FF00AC8F98 /* Base */ = {isa = PBXFileReference; lastKnownFileType = file.storyboard; name = Base; path = Base.lproj/Main.storyboard; sourceTree = "<group>"; };
		237BFC502449160500AC8F98 /* Assets.xcassets */ = {isa = PBXFileReference; lastKnownFileType = folder.assetcatalog; path = Assets.xcassets; sourceTree = "<group>"; };
		237BFC532449160500AC8F98 /* Base */ = {isa = PBXFileReference; lastKnownFileType = file.storyboard; name = Base; path = Base.lproj/LaunchScreen.storyboard; sourceTree = "<group>"; };
		237BFC552449160500AC8F98 /* Info.plist */ = {isa = PBXFileReference; lastKnownFileType = text.plist.xml; path = Info.plist; sourceTree = "<group>"; };
		237BFC5B244A1A4900AC8F98 /* LoginViewController.swift */ = {isa = PBXFileReference; lastKnownFileType = sourcecode.swift; path = LoginViewController.swift; sourceTree = "<group>"; };
		237BFC5D244B243A00AC8F98 /* RegisterViewController.swift */ = {isa = PBXFileReference; lastKnownFileType = sourcecode.swift; path = RegisterViewController.swift; sourceTree = "<group>"; };
		237BFC60244B492C00AC8F98 /* MainTabBarController.swift */ = {isa = PBXFileReference; lastKnownFileType = sourcecode.swift; path = MainTabBarController.swift; sourceTree = "<group>"; };
		C6C0887B244C660500CB0A7A /* HomeVC.swift */ = {isa = PBXFileReference; lastKnownFileType = sourcecode.swift; path = HomeVC.swift; sourceTree = "<group>"; };
		C6C0887D244C673F00CB0A7A /* BaseVC.swift */ = {isa = PBXFileReference; lastKnownFileType = sourcecode.swift; path = BaseVC.swift; sourceTree = "<group>"; };
		C6C08881244C68A800CB0A7A /* ProfileVC.swift */ = {isa = PBXFileReference; lastKnownFileType = sourcecode.swift; path = ProfileVC.swift; sourceTree = "<group>"; };
		C6C08883244C68DA00CB0A7A /* AddWishVC.swift */ = {isa = PBXFileReference; lastKnownFileType = sourcecode.swift; path = AddWishVC.swift; sourceTree = "<group>"; };
		C6C08885244C68FE00CB0A7A /* SearchVC.swift */ = {isa = PBXFileReference; lastKnownFileType = sourcecode.swift; path = SearchVC.swift; sourceTree = "<group>"; };
		C6C08887244C69CB00CB0A7A /* FriendsVC.swift */ = {isa = PBXFileReference; lastKnownFileType = sourcecode.swift; path = FriendsVC.swift; sourceTree = "<group>"; };
/* End PBXFileReference section */

/* Begin PBXFrameworksBuildPhase section */
		237BFC41244915FF00AC8F98 /* Frameworks */ = {
			isa = PBXFrameworksBuildPhase;
			buildActionMask = 2147483647;
			files = (
			);
			runOnlyForDeploymentPostprocessing = 0;
		};
/* End PBXFrameworksBuildPhase section */

/* Begin PBXGroup section */
		237BFC3B244915FF00AC8F98 = {
			isa = PBXGroup;
			children = (
				237BFC46244915FF00AC8F98 /* the-giftcher-ios */,
				237BFC45244915FF00AC8F98 /* Products */,
			);
			sourceTree = "<group>";
		};
		237BFC45244915FF00AC8F98 /* Products */ = {
			isa = PBXGroup;
			children = (
				237BFC44244915FF00AC8F98 /* the-giftcher-ios.app */,
			);
			name = Products;
			sourceTree = "<group>";
		};
		237BFC46244915FF00AC8F98 /* the-giftcher-ios */ = {
			isa = PBXGroup;
			children = (
				237BFC5F244B245500AC8F98 /* UserControllers */,
				237BFC47244915FF00AC8F98 /* AppDelegate.swift */,
				237BFC49244915FF00AC8F98 /* SceneDelegate.swift */,
				237BFC4B244915FF00AC8F98 /* ViewController.swift */,
				237BFC60244B492C00AC8F98 /* MainTabBarController.swift */,
				237BFC4D244915FF00AC8F98 /* Main.storyboard */,
				237BFC502449160500AC8F98 /* Assets.xcassets */,
				237BFC522449160500AC8F98 /* LaunchScreen.storyboard */,
				237BFC552449160500AC8F98 /* Info.plist */,
			);
			path = "the-giftcher-ios";
			sourceTree = "<group>";
		};
		237BFC5F244B245500AC8F98 /* UserControllers */ = {
			isa = PBXGroup;
			children = (
				237BFC5B244A1A4900AC8F98 /* LoginViewController.swift */,
				237BFC5D244B243A00AC8F98 /* RegisterViewController.swift */,
				C6C0887B244C660500CB0A7A /* HomeVC.swift */,
				C6C0887D244C673F00CB0A7A /* BaseVC.swift */,
				C6C08881244C68A800CB0A7A /* ProfileVC.swift */,
				C6C08883244C68DA00CB0A7A /* AddWishVC.swift */,
				C6C08885244C68FE00CB0A7A /* SearchVC.swift */,
				C6C08887244C69CB00CB0A7A /* FriendsVC.swift */,
			);
			path = UserControllers;
			sourceTree = "<group>";
		};
/* End PBXGroup section */

/* Begin PBXNativeTarget section */
		237BFC43244915FF00AC8F98 /* the-giftcher-ios */ = {
			isa = PBXNativeTarget;
			buildConfigurationList = 237BFC582449160500AC8F98 /* Build configuration list for PBXNativeTarget "the-giftcher-ios" */;
			buildPhases = (
				237BFC40244915FF00AC8F98 /* Sources */,
				237BFC41244915FF00AC8F98 /* Frameworks */,
				237BFC42244915FF00AC8F98 /* Resources */,
			);
			buildRules = (
			);
			dependencies = (
			);
			name = "the-giftcher-ios";
			productName = "the-giftcher-ios";
			productReference = 237BFC44244915FF00AC8F98 /* the-giftcher-ios.app */;
			productType = "com.apple.product-type.application";
		};
/* End PBXNativeTarget section */

/* Begin PBXProject section */
		237BFC3C244915FF00AC8F98 /* Project object */ = {
			isa = PBXProject;
			attributes = {
				LastSwiftUpdateCheck = 1140;
				LastUpgradeCheck = 1140;
				ORGANIZATIONNAME = "Rafael Juan Llabrés Socías";
				TargetAttributes = {
					237BFC43244915FF00AC8F98 = {
						CreatedOnToolsVersion = 11.4;
					};
				};
			};
			buildConfigurationList = 237BFC3F244915FF00AC8F98 /* Build configuration list for PBXProject "the-giftcher-ios" */;
			compatibilityVersion = "Xcode 9.3";
			developmentRegion = en;
			hasScannedForEncodings = 0;
			knownRegions = (
				en,
				Base,
			);
			mainGroup = 237BFC3B244915FF00AC8F98;
			productRefGroup = 237BFC45244915FF00AC8F98 /* Products */;
			projectDirPath = "";
			projectRoot = "";
			targets = (
				237BFC43244915FF00AC8F98 /* the-giftcher-ios */,
			);
		};
/* End PBXProject section */

/* Begin PBXResourcesBuildPhase section */
		237BFC42244915FF00AC8F98 /* Resources */ = {
			isa = PBXResourcesBuildPhase;
			buildActionMask = 2147483647;
			files = (
				237BFC542449160500AC8F98 /* LaunchScreen.storyboard in Resources */,
				237BFC512449160500AC8F98 /* Assets.xcassets in Resources */,
				237BFC4F244915FF00AC8F98 /* Main.storyboard in Resources */,
			);
			runOnlyForDeploymentPostprocessing = 0;
		};
/* End PBXResourcesBuildPhase section */

/* Begin PBXSourcesBuildPhase section */
		237BFC40244915FF00AC8F98 /* Sources */ = {
			isa = PBXSourcesBuildPhase;
			buildActionMask = 2147483647;
			files = (
				C6C08886244C68FE00CB0A7A /* SearchVC.swift in Sources */,
				C6C08884244C68DA00CB0A7A /* AddWishVC.swift in Sources */,
				C6C08888244C69CB00CB0A7A /* FriendsVC.swift in Sources */,
				C6C08882244C68A800CB0A7A /* ProfileVC.swift in Sources */,
				237BFC5C244A1A4900AC8F98 /* LoginViewController.swift in Sources */,
				C6C0887C244C660500CB0A7A /* HomeVC.swift in Sources */,
				237BFC5E244B243A00AC8F98 /* RegisterViewController.swift in Sources */,
				C6C0887E244C673F00CB0A7A /* BaseVC.swift in Sources */,
				237BFC61244B492C00AC8F98 /* MainTabBarController.swift in Sources */,
				237BFC4C244915FF00AC8F98 /* ViewController.swift in Sources */,
				237BFC48244915FF00AC8F98 /* AppDelegate.swift in Sources */,
				237BFC4A244915FF00AC8F98 /* SceneDelegate.swift in Sources */,
			);
			runOnlyForDeploymentPostprocessing = 0;
		};
/* End PBXSourcesBuildPhase section */

/* Begin PBXVariantGroup section */
		237BFC4D244915FF00AC8F98 /* Main.storyboard */ = {
			isa = PBXVariantGroup;
			children = (
				237BFC4E244915FF00AC8F98 /* Base */,
			);
			name = Main.storyboard;
			sourceTree = "<group>";
		};
		237BFC522449160500AC8F98 /* LaunchScreen.storyboard */ = {
			isa = PBXVariantGroup;
			children = (
				237BFC532449160500AC8F98 /* Base */,
			);
			name = LaunchScreen.storyboard;
			sourceTree = "<group>";
		};
/* End PBXVariantGroup section */

/* Begin XCBuildConfiguration section */
		237BFC562449160500AC8F98 /* Debug */ = {
			isa = XCBuildConfiguration;
			buildSettings = {
				ALWAYS_SEARCH_USER_PATHS = NO;
				CLANG_ANALYZER_NONNULL = YES;
				CLANG_ANALYZER_NUMBER_OBJECT_CONVERSION = YES_AGGRESSIVE;
				CLANG_CXX_LANGUAGE_STANDARD = "gnu++14";
				CLANG_CXX_LIBRARY = "libc++";
				CLANG_ENABLE_MODULES = YES;
				CLANG_ENABLE_OBJC_ARC = YES;
				CLANG_ENABLE_OBJC_WEAK = YES;
				CLANG_WARN_BLOCK_CAPTURE_AUTORELEASING = YES;
				CLANG_WARN_BOOL_CONVERSION = YES;
				CLANG_WARN_COMMA = YES;
				CLANG_WARN_CONSTANT_CONVERSION = YES;
				CLANG_WARN_DEPRECATED_OBJC_IMPLEMENTATIONS = YES;
				CLANG_WARN_DIRECT_OBJC_ISA_USAGE = YES_ERROR;
				CLANG_WARN_DOCUMENTATION_COMMENTS = YES;
				CLANG_WARN_EMPTY_BODY = YES;
				CLANG_WARN_ENUM_CONVERSION = YES;
				CLANG_WARN_INFINITE_RECURSION = YES;
				CLANG_WARN_INT_CONVERSION = YES;
				CLANG_WARN_NON_LITERAL_NULL_CONVERSION = YES;
				CLANG_WARN_OBJC_IMPLICIT_RETAIN_SELF = YES;
				CLANG_WARN_OBJC_LITERAL_CONVERSION = YES;
				CLANG_WARN_OBJC_ROOT_CLASS = YES_ERROR;
				CLANG_WARN_RANGE_LOOP_ANALYSIS = YES;
				CLANG_WARN_STRICT_PROTOTYPES = YES;
				CLANG_WARN_SUSPICIOUS_MOVE = YES;
				CLANG_WARN_UNGUARDED_AVAILABILITY = YES_AGGRESSIVE;
				CLANG_WARN_UNREACHABLE_CODE = YES;
				CLANG_WARN__DUPLICATE_METHOD_MATCH = YES;
				COPY_PHASE_STRIP = NO;
				DEBUG_INFORMATION_FORMAT = dwarf;
				ENABLE_STRICT_OBJC_MSGSEND = YES;
				ENABLE_TESTABILITY = YES;
				GCC_C_LANGUAGE_STANDARD = gnu11;
				GCC_DYNAMIC_NO_PIC = NO;
				GCC_NO_COMMON_BLOCKS = YES;
				GCC_OPTIMIZATION_LEVEL = 0;
				GCC_PREPROCESSOR_DEFINITIONS = (
					"DEBUG=1",
					"$(inherited)",
				);
				GCC_WARN_64_TO_32_BIT_CONVERSION = YES;
				GCC_WARN_ABOUT_RETURN_TYPE = YES_ERROR;
				GCC_WARN_UNDECLARED_SELECTOR = YES;
				GCC_WARN_UNINITIALIZED_AUTOS = YES_AGGRESSIVE;
				GCC_WARN_UNUSED_FUNCTION = YES;
				GCC_WARN_UNUSED_VARIABLE = YES;
				IPHONEOS_DEPLOYMENT_TARGET = 13.4;
				MTL_ENABLE_DEBUG_INFO = INCLUDE_SOURCE;
				MTL_FAST_MATH = YES;
				ONLY_ACTIVE_ARCH = YES;
				SDKROOT = iphoneos;
				SWIFT_ACTIVE_COMPILATION_CONDITIONS = DEBUG;
				SWIFT_OPTIMIZATION_LEVEL = "-Onone";
			};
			name = Debug;
		};
		237BFC572449160500AC8F98 /* Release */ = {
			isa = XCBuildConfiguration;
			buildSettings = {
				ALWAYS_SEARCH_USER_PATHS = NO;
				CLANG_ANALYZER_NONNULL = YES;
				CLANG_ANALYZER_NUMBER_OBJECT_CONVERSION = YES_AGGRESSIVE;
				CLANG_CXX_LANGUAGE_STANDARD = "gnu++14";
				CLANG_CXX_LIBRARY = "libc++";
				CLANG_ENABLE_MODULES = YES;
				CLANG_ENABLE_OBJC_ARC = YES;
				CLANG_ENABLE_OBJC_WEAK = YES;
				CLANG_WARN_BLOCK_CAPTURE_AUTORELEASING = YES;
				CLANG_WARN_BOOL_CONVERSION = YES;
				CLANG_WARN_COMMA = YES;
				CLANG_WARN_CONSTANT_CONVERSION = YES;
				CLANG_WARN_DEPRECATED_OBJC_IMPLEMENTATIONS = YES;
				CLANG_WARN_DIRECT_OBJC_ISA_USAGE = YES_ERROR;
				CLANG_WARN_DOCUMENTATION_COMMENTS = YES;
				CLANG_WARN_EMPTY_BODY = YES;
				CLANG_WARN_ENUM_CONVERSION = YES;
				CLANG_WARN_INFINITE_RECURSION = YES;
				CLANG_WARN_INT_CONVERSION = YES;
				CLANG_WARN_NON_LITERAL_NULL_CONVERSION = YES;
				CLANG_WARN_OBJC_IMPLICIT_RETAIN_SELF = YES;
				CLANG_WARN_OBJC_LITERAL_CONVERSION = YES;
				CLANG_WARN_OBJC_ROOT_CLASS = YES_ERROR;
				CLANG_WARN_RANGE_LOOP_ANALYSIS = YES;
				CLANG_WARN_STRICT_PROTOTYPES = YES;
				CLANG_WARN_SUSPICIOUS_MOVE = YES;
				CLANG_WARN_UNGUARDED_AVAILABILITY = YES_AGGRESSIVE;
				CLANG_WARN_UNREACHABLE_CODE = YES;
				CLANG_WARN__DUPLICATE_METHOD_MATCH = YES;
				COPY_PHASE_STRIP = NO;
				DEBUG_INFORMATION_FORMAT = "dwarf-with-dsym";
				ENABLE_NS_ASSERTIONS = NO;
				ENABLE_STRICT_OBJC_MSGSEND = YES;
				GCC_C_LANGUAGE_STANDARD = gnu11;
				GCC_NO_COMMON_BLOCKS = YES;
				GCC_WARN_64_TO_32_BIT_CONVERSION = YES;
				GCC_WARN_ABOUT_RETURN_TYPE = YES_ERROR;
				GCC_WARN_UNDECLARED_SELECTOR = YES;
				GCC_WARN_UNINITIALIZED_AUTOS = YES_AGGRESSIVE;
				GCC_WARN_UNUSED_FUNCTION = YES;
				GCC_WARN_UNUSED_VARIABLE = YES;
				IPHONEOS_DEPLOYMENT_TARGET = 13.4;
				MTL_ENABLE_DEBUG_INFO = NO;
				MTL_FAST_MATH = YES;
				SDKROOT = iphoneos;
				SWIFT_COMPILATION_MODE = wholemodule;
				SWIFT_OPTIMIZATION_LEVEL = "-O";
				VALIDATE_PRODUCT = YES;
			};
			name = Release;
		};
		237BFC592449160500AC8F98 /* Debug */ = {
			isa = XCBuildConfiguration;
			buildSettings = {
				ASSETCATALOG_COMPILER_APPICON_NAME = AppIcon;
				CODE_SIGN_STYLE = Automatic;
				DEVELOPMENT_TEAM = 9BNC5UMV9K;
				INFOPLIST_FILE = "the-giftcher-ios/Info.plist";
				LD_RUNPATH_SEARCH_PATHS = (
					"$(inherited)",
					"@executable_path/Frameworks",
				);
				PRODUCT_BUNDLE_IDENTIFIER = "com.cursocev.the-giftcher-ios";
				PRODUCT_NAME = "$(TARGET_NAME)";
				SWIFT_VERSION = 5.0;
				TARGETED_DEVICE_FAMILY = "1,2";
			};
			name = Debug;
		};
		237BFC5A2449160500AC8F98 /* Release */ = {
			isa = XCBuildConfiguration;
			buildSettings = {
				ASSETCATALOG_COMPILER_APPICON_NAME = AppIcon;
				CODE_SIGN_STYLE = Automatic;
				DEVELOPMENT_TEAM = 9BNC5UMV9K;
				INFOPLIST_FILE = "the-giftcher-ios/Info.plist";
				LD_RUNPATH_SEARCH_PATHS = (
					"$(inherited)",
					"@executable_path/Frameworks",
				);
				PRODUCT_BUNDLE_IDENTIFIER = "com.cursocev.the-giftcher-ios";
				PRODUCT_NAME = "$(TARGET_NAME)";
				SWIFT_VERSION = 5.0;
				TARGETED_DEVICE_FAMILY = "1,2";
			};
			name = Release;
		};
/* End XCBuildConfiguration section */

/* Begin XCConfigurationList section */
		237BFC3F244915FF00AC8F98 /* Build configuration list for PBXProject "the-giftcher-ios" */ = {
			isa = XCConfigurationList;
			buildConfigurations = (
				237BFC562449160500AC8F98 /* Debug */,
				237BFC572449160500AC8F98 /* Release */,
			);
			defaultConfigurationIsVisible = 0;
			defaultConfigurationName = Release;
		};
		237BFC582449160500AC8F98 /* Build configuration list for PBXNativeTarget "the-giftcher-ios" */ = {
			isa = XCConfigurationList;
			buildConfigurations = (
				237BFC592449160500AC8F98 /* Debug */,
				237BFC5A2449160500AC8F98 /* Release */,
			);
			defaultConfigurationIsVisible = 0;
			defaultConfigurationName = Release;
		};
/* End XCConfigurationList section */
	};
	rootObject = 237BFC3C244915FF00AC8F98 /* Project object */;
}
