// !$*UTF8*$!
{
	archiveVersion = 1;
	classes = {
	};
	objectVersion = 51;
	objects = {

/* Begin PBXBuildFile section */
		237BFC48244915FF00AC8F98 /* AppDelegate.swift in Sources */ = {isa = PBXBuildFile; fileRef = 237BFC47244915FF00AC8F98 /* AppDelegate.swift */; };
		237BFC4A244915FF00AC8F98 /* SceneDelegate.swift in Sources */ = {isa = PBXBuildFile; fileRef = 237BFC49244915FF00AC8F98 /* SceneDelegate.swift */; };
		237BFC4C244915FF00AC8F98 /* ViewController.swift in Sources */ = {isa = PBXBuildFile; fileRef = 237BFC4B244915FF00AC8F98 /* ViewController.swift */; };
		237BFC4F244915FF00AC8F98 /* Main.storyboard in Resources */ = {isa = PBXBuildFile; fileRef = 237BFC4D244915FF00AC8F98 /* Main.storyboard */; };
		237BFC512449160500AC8F98 /* Assets.xcassets in Resources */ = {isa = PBXBuildFile; fileRef = 237BFC502449160500AC8F98 /* Assets.xcassets */; };
		237BFC542449160500AC8F98 /* LaunchScreen.storyboard in Resources */ = {isa = PBXBuildFile; fileRef = 237BFC522449160500AC8F98 /* LaunchScreen.storyboard */; };
		237BFC5C244A1A4900AC8F98 /* LoginViewController.swift in Sources */ = {isa = PBXBuildFile; fileRef = 237BFC5B244A1A4900AC8F98 /* LoginViewController.swift */; };
		237BFC5E244B243A00AC8F98 /* RegisterViewController.swift in Sources */ = {isa = PBXBuildFile; fileRef = 237BFC5D244B243A00AC8F98 /* RegisterViewController.swift */; };
		237BFC61244B492C00AC8F98 /* MainTabBarController.swift in Sources */ = {isa = PBXBuildFile; fileRef = 237BFC60244B492C00AC8F98 /* MainTabBarController.swift */; };
		237BFC672450FA1800AC8F98 /* Mappable.swift in Sources */ = {isa = PBXBuildFile; fileRef = 237BFC662450FA1800AC8F98 /* Mappable.swift */; };
		237BFC6C2453884700AC8F98 /* FriendDetailVC.swift in Sources */ = {isa = PBXBuildFile; fileRef = 237BFC6B2453884700AC8F98 /* FriendDetailVC.swift */; };
		237BFC7024538B4800AC8F98 /* AddFriendsVC.swift in Sources */ = {isa = PBXBuildFile; fileRef = 237BFC6F24538B4800AC8F98 /* AddFriendsVC.swift */; };
		801336C2617B27D3754CEF27 /* Pods_the_giftcher_ios.framework in Frameworks */ = {isa = PBXBuildFile; fileRef = 0194E8A957EEC2F0A9590F88 /* Pods_the_giftcher_ios.framework */; };
		C6C0887C244C660500CB0A7A /* HomeVC.swift in Sources */ = {isa = PBXBuildFile; fileRef = C6C0887B244C660500CB0A7A /* HomeVC.swift */; };
		C6C0887E244C673F00CB0A7A /* BaseVC.swift in Sources */ = {isa = PBXBuildFile; fileRef = C6C0887D244C673F00CB0A7A /* BaseVC.swift */; };
		C6C08882244C68A800CB0A7A /* ProfileVC.swift in Sources */ = {isa = PBXBuildFile; fileRef = C6C08881244C68A800CB0A7A /* ProfileVC.swift */; };
		C6C08884244C68DA00CB0A7A /* AddWishVC.swift in Sources */ = {isa = PBXBuildFile; fileRef = C6C08883244C68DA00CB0A7A /* AddWishVC.swift */; };
		C6C08886244C68FE00CB0A7A /* SearchVC.swift in Sources */ = {isa = PBXBuildFile; fileRef = C6C08885244C68FE00CB0A7A /* SearchVC.swift */; };
		C6C08888244C69CB00CB0A7A /* FriendsVC.swift in Sources */ = {isa = PBXBuildFile; fileRef = C6C08887244C69CB00CB0A7A /* FriendsVC.swift */; };
		C6DEBF3B245209B800F3F156 /* MyCollectionViewCell.swift in Sources */ = {isa = PBXBuildFile; fileRef = C6DEBF3A245209B800F3F156 /* MyCollectionViewCell.swift */; };
		C6E19FFC2459E3F300C864A9 /* WishDetailVC.swift in Sources */ = {isa = PBXBuildFile; fileRef = C6E19FFB2459E3F300C864A9 /* WishDetailVC.swift */; };
		C6E19FFE2459F05300C864A9 /* Connection.swift in Sources */ = {isa = PBXBuildFile; fileRef = C6E19FFD2459F05300C864A9 /* Connection.swift */; };
		C6E1A0002459F07900C864A9 /* Session.swift in Sources */ = {isa = PBXBuildFile; fileRef = C6E19FFF2459F07900C864A9 /* Session.swift */; };
		C6E1A0022459F0B800C864A9 /* UserModel.swift in Sources */ = {isa = PBXBuildFile; fileRef = C6E1A0012459F0B800C864A9 /* UserModel.swift */; };
		C6E1A0092459F29E00C864A9 /* String+Utils.swift in Sources */ = {isa = PBXBuildFile; fileRef = C6E1A0082459F29E00C864A9 /* String+Utils.swift */; };
		C6E1A00B2459F34B00C864A9 /* Constants.swift in Sources */ = {isa = PBXBuildFile; fileRef = C6E1A00A2459F34B00C864A9 /* Constants.swift */; };
		C6E1A00D2459F4B300C864A9 /* MSMutableDataExtension.swift in Sources */ = {isa = PBXBuildFile; fileRef = C6E1A00C2459F4B300C864A9 /* MSMutableDataExtension.swift */; };
		C6E1A0102459F6AB00C864A9 /* MockConnection.swift in Sources */ = {isa = PBXBuildFile; fileRef = C6E1A00F2459F6AB00C864A9 /* MockConnection.swift */; };
		C6E1A0122459F6E000C864A9 /* DataMapper.swift in Sources */ = {isa = PBXBuildFile; fileRef = C6E1A0112459F6E000C864A9 /* DataMapper.swift */; };
		C6E1A0162459F96900C864A9 /* InputLogin.swift in Sources */ = {isa = PBXBuildFile; fileRef = C6E1A0152459F96900C864A9 /* InputLogin.swift */; };
/* End PBXBuildFile section */

/* Begin PBXFileReference section */
		0194E8A957EEC2F0A9590F88 /* Pods_the_giftcher_ios.framework */ = {isa = PBXFileReference; explicitFileType = wrapper.framework; includeInIndex = 0; path = Pods_the_giftcher_ios.framework; sourceTree = BUILT_PRODUCTS_DIR; };
		237BFC44244915FF00AC8F98 /* the-giftcher-ios.app */ = {isa = PBXFileReference; explicitFileType = wrapper.application; includeInIndex = 0; path = "the-giftcher-ios.app"; sourceTree = BUILT_PRODUCTS_DIR; };
		237BFC47244915FF00AC8F98 /* AppDelegate.swift */ = {isa = PBXFileReference; lastKnownFileType = sourcecode.swift; path = AppDelegate.swift; sourceTree = "<group>"; };
		237BFC49244915FF00AC8F98 /* SceneDelegate.swift */ = {isa = PBXFileReference; lastKnownFileType = sourcecode.swift; path = SceneDelegate.swift; sourceTree = "<group>"; };
		237BFC4B244915FF00AC8F98 /* ViewController.swift */ = {isa = PBXFileReference; lastKnownFileType = sourcecode.swift; path = ViewController.swift; sourceTree = "<group>"; };
		237BFC4E244915FF00AC8F98 /* Base */ = {isa = PBXFileReference; lastKnownFileType = file.storyboard; name = Base; path = Base.lproj/Main.storyboard; sourceTree = "<group>"; };
		237BFC502449160500AC8F98 /* Assets.xcassets */ = {isa = PBXFileReference; lastKnownFileType = folder.assetcatalog; path = Assets.xcassets; sourceTree = "<group>"; };
		237BFC532449160500AC8F98 /* Base */ = {isa = PBXFileReference; lastKnownFileType = file.storyboard; name = Base; path = Base.lproj/LaunchScreen.storyboard; sourceTree = "<group>"; };
		237BFC552449160500AC8F98 /* Info.plist */ = {isa = PBXFileReference; lastKnownFileType = text.plist.xml; path = Info.plist; sourceTree = "<group>"; };
		237BFC5B244A1A4900AC8F98 /* LoginViewController.swift */ = {isa = PBXFileReference; lastKnownFileType = sourcecode.swift; path = LoginViewController.swift; sourceTree = "<group>"; };
		237BFC5D244B243A00AC8F98 /* RegisterViewController.swift */ = {isa = PBXFileReference; lastKnownFileType = sourcecode.swift; path = RegisterViewController.swift; sourceTree = "<group>"; };
		237BFC60244B492C00AC8F98 /* MainTabBarController.swift */ = {isa = PBXFileReference; lastKnownFileType = sourcecode.swift; path = MainTabBarController.swift; sourceTree = "<group>"; };
		237BFC662450FA1800AC8F98 /* Mappable.swift */ = {isa = PBXFileReference; lastKnownFileType = sourcecode.swift; path = Mappable.swift; sourceTree = "<group>"; };
		237BFC6B2453884700AC8F98 /* FriendDetailVC.swift */ = {isa = PBXFileReference; lastKnownFileType = sourcecode.swift; path = FriendDetailVC.swift; sourceTree = "<group>"; };
		237BFC6F24538B4800AC8F98 /* AddFriendsVC.swift */ = {isa = PBXFileReference; lastKnownFileType = sourcecode.swift; path = AddFriendsVC.swift; sourceTree = "<group>"; };
		555E94C1DB5489E4E04AF4EB /* Pods-the-giftcher-ios.release.xcconfig */ = {isa = PBXFileReference; includeInIndex = 1; lastKnownFileType = text.xcconfig; name = "Pods-the-giftcher-ios.release.xcconfig"; path = "Target Support Files/Pods-the-giftcher-ios/Pods-the-giftcher-ios.release.xcconfig"; sourceTree = "<group>"; };
		57E344FF23855232109D91C8 /* Pods-the-giftcher-ios.debug.xcconfig */ = {isa = PBXFileReference; includeInIndex = 1; lastKnownFileType = text.xcconfig; name = "Pods-the-giftcher-ios.debug.xcconfig"; path = "Target Support Files/Pods-the-giftcher-ios/Pods-the-giftcher-ios.debug.xcconfig"; sourceTree = "<group>"; };
		C6C0887B244C660500CB0A7A /* HomeVC.swift */ = {isa = PBXFileReference; lastKnownFileType = sourcecode.swift; path = HomeVC.swift; sourceTree = "<group>"; };
		C6C0887D244C673F00CB0A7A /* BaseVC.swift */ = {isa = PBXFileReference; lastKnownFileType = sourcecode.swift; path = BaseVC.swift; sourceTree = "<group>"; };
		C6C08881244C68A800CB0A7A /* ProfileVC.swift */ = {isa = PBXFileReference; lastKnownFileType = sourcecode.swift; path = ProfileVC.swift; sourceTree = "<group>"; };
		C6C08883244C68DA00CB0A7A /* AddWishVC.swift */ = {isa = PBXFileReference; lastKnownFileType = sourcecode.swift; path = AddWishVC.swift; sourceTree = "<group>"; };
		C6C08885244C68FE00CB0A7A /* SearchVC.swift */ = {isa = PBXFileReference; lastKnownFileType = sourcecode.swift; path = SearchVC.swift; sourceTree = "<group>"; };
		C6C08887244C69CB00CB0A7A /* FriendsVC.swift */ = {isa = PBXFileReference; lastKnownFileType = sourcecode.swift; path = FriendsVC.swift; sourceTree = "<group>"; };
		C6DEBF3A245209B800F3F156 /* MyCollectionViewCell.swift */ = {isa = PBXFileReference; lastKnownFileType = sourcecode.swift; path = MyCollectionViewCell.swift; sourceTree = "<group>"; };
		C6E19FFB2459E3F300C864A9 /* WishDetailVC.swift */ = {isa = PBXFileReference; lastKnownFileType = sourcecode.swift; path = WishDetailVC.swift; sourceTree = "<group>"; };
		C6E19FFD2459F05300C864A9 /* Connection.swift */ = {isa = PBXFileReference; lastKnownFileType = sourcecode.swift; path = Connection.swift; sourceTree = "<group>"; };
		C6E19FFF2459F07900C864A9 /* Session.swift */ = {isa = PBXFileReference; lastKnownFileType = sourcecode.swift; path = Session.swift; sourceTree = "<group>"; };
		C6E1A0012459F0B800C864A9 /* UserModel.swift */ = {isa = PBXFileReference; lastKnownFileType = sourcecode.swift; path = UserModel.swift; sourceTree = "<group>"; };
		C6E1A0082459F29E00C864A9 /* String+Utils.swift */ = {isa = PBXFileReference; lastKnownFileType = sourcecode.swift; path = "String+Utils.swift"; sourceTree = "<group>"; };
		C6E1A00A2459F34B00C864A9 /* Constants.swift */ = {isa = PBXFileReference; lastKnownFileType = sourcecode.swift; path = Constants.swift; sourceTree = "<group>"; };
		C6E1A00C2459F4B300C864A9 /* MSMutableDataExtension.swift */ = {isa = PBXFileReference; lastKnownFileType = sourcecode.swift; path = MSMutableDataExtension.swift; sourceTree = "<group>"; };
		C6E1A00E2459F55000C864A9 /* login.json */ = {isa = PBXFileReference; lastKnownFileType = text.json; path = login.json; sourceTree = "<group>"; };
		C6E1A00F2459F6AB00C864A9 /* MockConnection.swift */ = {isa = PBXFileReference; lastKnownFileType = sourcecode.swift; path = MockConnection.swift; sourceTree = "<group>"; };
		C6E1A0112459F6E000C864A9 /* DataMapper.swift */ = {isa = PBXFileReference; lastKnownFileType = sourcecode.swift; path = DataMapper.swift; sourceTree = "<group>"; };
		C6E1A0152459F96900C864A9 /* InputLogin.swift */ = {isa = PBXFileReference; lastKnownFileType = sourcecode.swift; path = InputLogin.swift; sourceTree = "<group>"; };
/* End PBXFileReference section */

/* Begin PBXFrameworksBuildPhase section */
		237BFC41244915FF00AC8F98 /* Frameworks */ = {
			isa = PBXFrameworksBuildPhase;
			buildActionMask = 2147483647;
			files = (
				801336C2617B27D3754CEF27 /* Pods_the_giftcher_ios.framework in Frameworks */,
			);
			runOnlyForDeploymentPostprocessing = 0;
		};
/* End PBXFrameworksBuildPhase section */

/* Begin PBXGroup section */
		237BFC3B244915FF00AC8F98 = {
			isa = PBXGroup;
			children = (
				237BFC46244915FF00AC8F98 /* the-giftcher-ios */,
				237BFC45244915FF00AC8F98 /* Products */,
				237BFC7B2454913900AC8F98 /* Recovered References */,
				F2306A8293197C94553A43A8 /* Pods */,
				CA10516D7F3F289F24CEB6D0 /* Frameworks */,
			);
			sourceTree = "<group>";
		};
		237BFC45244915FF00AC8F98 /* Products */ = {
			isa = PBXGroup;
			children = (
				237BFC44244915FF00AC8F98 /* the-giftcher-ios.app */,
			);
			name = Products;
			sourceTree = "<group>";
		};
		237BFC46244915FF00AC8F98 /* the-giftcher-ios */ = {
			isa = PBXGroup;
			children = (
				C6E1A0072459F29000C864A9 /* Extensions */,
				C6DCF41D2459DDD4006C94F1 /* Data Layer */,
				237BFC5F244B245500AC8F98 /* UserControllers */,
				237BFC47244915FF00AC8F98 /* AppDelegate.swift */,
				237BFC49244915FF00AC8F98 /* SceneDelegate.swift */,
				237BFC4B244915FF00AC8F98 /* ViewController.swift */,
				237BFC60244B492C00AC8F98 /* MainTabBarController.swift */,
				237BFC4D244915FF00AC8F98 /* Main.storyboard */,
				237BFC502449160500AC8F98 /* Assets.xcassets */,
				237BFC522449160500AC8F98 /* LaunchScreen.storyboard */,
				237BFC552449160500AC8F98 /* Info.plist */,
				237BFC662450FA1800AC8F98 /* Mappable.swift */,
			);
			path = "the-giftcher-ios";
			sourceTree = "<group>";
		};
		237BFC5F244B245500AC8F98 /* UserControllers */ = {
			isa = PBXGroup;
			children = (
				237BFC5B244A1A4900AC8F98 /* LoginViewController.swift */,
				237BFC5D244B243A00AC8F98 /* RegisterViewController.swift */,
				C6C0887B244C660500CB0A7A /* HomeVC.swift */,
				C6C0887D244C673F00CB0A7A /* BaseVC.swift */,
				C6C08881244C68A800CB0A7A /* ProfileVC.swift */,
				C6C08883244C68DA00CB0A7A /* AddWishVC.swift */,
				C6C08885244C68FE00CB0A7A /* SearchVC.swift */,
				C6C08887244C69CB00CB0A7A /* FriendsVC.swift */,
				C6DEBF3A245209B800F3F156 /* MyCollectionViewCell.swift */,
				237BFC6B2453884700AC8F98 /* FriendDetailVC.swift */,
				237BFC6F24538B4800AC8F98 /* AddFriendsVC.swift */,
				C6E19FFB2459E3F300C864A9 /* WishDetailVC.swift */,
			);
			path = UserControllers;
			sourceTree = "<group>";
		};
		237BFC7B2454913900AC8F98 /* Recovered References */ = {
			isa = PBXGroup;
			children = (
			);
			name = "Recovered References";
			sourceTree = "<group>";
		};
		C6DCF41D2459DDD4006C94F1 /* Data Layer */ = {
			isa = PBXGroup;
			children = (
				C6DCF4212459DEF8006C94F1 /* Data Mapper */,
				C6DCF4202459DEEB006C94F1 /* Session & Connection */,
				C6DCF41F2459DEDA006C94F1 /* Data Model */,
				C6DCF41E2459DDE4006C94F1 /* Mocks */,
			);
			path = "Data Layer";
			sourceTree = "<group>";
		};
		C6DCF41E2459DDE4006C94F1 /* Mocks */ = {
			isa = PBXGroup;
			children = (
				C6E1A00E2459F55000C864A9 /* login.json */,
			);
			path = Mocks;
			sourceTree = "<group>";
		};
		C6DCF41F2459DEDA006C94F1 /* Data Model */ = {
			isa = PBXGroup;
			children = (
				C6E1A0012459F0B800C864A9 /* UserModel.swift */,
				C6E1A0152459F96900C864A9 /* InputLogin.swift */,
			);
			path = "Data Model";
			sourceTree = "<group>";
		};
		C6DCF4202459DEEB006C94F1 /* Session & Connection */ = {
			isa = PBXGroup;
			children = (
				C6E19FFD2459F05300C864A9 /* Connection.swift */,
				C6E19FFF2459F07900C864A9 /* Session.swift */,
				C6E1A00A2459F34B00C864A9 /* Constants.swift */,
				C6E1A00F2459F6AB00C864A9 /* MockConnection.swift */,
			);
			path = "Session & Connection";
			sourceTree = "<group>";
		};
		C6DCF4212459DEF8006C94F1 /* Data Mapper */ = {
			isa = PBXGroup;
			children = (
				C6E1A0112459F6E000C864A9 /* DataMapper.swift */,
			);
			path = "Data Mapper";
			sourceTree = "<group>";
		};
		C6E1A0072459F29000C864A9 /* Extensions */ = {
			isa = PBXGroup;
			children = (
				C6E1A0082459F29E00C864A9 /* String+Utils.swift */,
				C6E1A00C2459F4B300C864A9 /* MSMutableDataExtension.swift */,
			);
			path = Extensions;
			sourceTree = "<group>";
		};
		CA10516D7F3F289F24CEB6D0 /* Frameworks */ = {
			isa = PBXGroup;
			children = (
				0194E8A957EEC2F0A9590F88 /* Pods_the_giftcher_ios.framework */,
			);
			name = Frameworks;
			sourceTree = "<group>";
		};
		F2306A8293197C94553A43A8 /* Pods */ = {
			isa = PBXGroup;
			children = (
				57E344FF23855232109D91C8 /* Pods-the-giftcher-ios.debug.xcconfig */,
				555E94C1DB5489E4E04AF4EB /* Pods-the-giftcher-ios.release.xcconfig */,
			);
			path = Pods;
			sourceTree = "<group>";
		};
/* End PBXGroup section */

/* Begin PBXNativeTarget section */
		237BFC43244915FF00AC8F98 /* the-giftcher-ios */ = {
			isa = PBXNativeTarget;
			buildConfigurationList = 237BFC582449160500AC8F98 /* Build configuration list for PBXNativeTarget "the-giftcher-ios" */;
			buildPhases = (
				912BBC13F65B87A9EFE430D2 /* [CP] Check Pods Manifest.lock */,
				237BFC40244915FF00AC8F98 /* Sources */,
				237BFC41244915FF00AC8F98 /* Frameworks */,
				237BFC42244915FF00AC8F98 /* Resources */,
				CE19F4F87597971588B7F811 /* [CP] Embed Pods Frameworks */,
			);
			buildRules = (
			);
			dependencies = (
			);
			name = "the-giftcher-ios";
			productName = "the-giftcher-ios";
			productReference = 237BFC44244915FF00AC8F98 /* the-giftcher-ios.app */;
			productType = "com.apple.product-type.application";
		};
/* End PBXNativeTarget section */

/* Begin PBXProject section */
		237BFC3C244915FF00AC8F98 /* Project object */ = {
			isa = PBXProject;
			attributes = {
				LastSwiftUpdateCheck = 1140;
				LastUpgradeCheck = 1140;
				ORGANIZATIONNAME = "Rafael Juan Llabrés Socías";
				TargetAttributes = {
					237BFC43244915FF00AC8F98 = {
						CreatedOnToolsVersion = 11.4;
					};
				};
			};
			buildConfigurationList = 237BFC3F244915FF00AC8F98 /* Build configuration list for PBXProject "the-giftcher-ios" */;
			compatibilityVersion = "Xcode 9.3";
			developmentRegion = en;
			hasScannedForEncodings = 0;
			knownRegions = (
				en,
				Base,
			);
			mainGroup = 237BFC3B244915FF00AC8F98;
			productRefGroup = 237BFC45244915FF00AC8F98 /* Products */;
			projectDirPath = "";
			projectRoot = "";
			targets = (
				237BFC43244915FF00AC8F98 /* the-giftcher-ios */,
			);
		};
/* End PBXProject section */

/* Begin PBXResourcesBuildPhase section */
		237BFC42244915FF00AC8F98 /* Resources */ = {
			isa = PBXResourcesBuildPhase;
			buildActionMask = 2147483647;
			files = (
				237BFC542449160500AC8F98 /* LaunchScreen.storyboard in Resources */,
				237BFC512449160500AC8F98 /* Assets.xcassets in Resources */,
				237BFC4F244915FF00AC8F98 /* Main.storyboard in Resources */,
			);
			runOnlyForDeploymentPostprocessing = 0;
		};
/* End PBXResourcesBuildPhase section */

/* Begin PBXShellScriptBuildPhase section */
		912BBC13F65B87A9EFE430D2 /* [CP] Check Pods Manifest.lock */ = {
			isa = PBXShellScriptBuildPhase;
			buildActionMask = 2147483647;
			files = (
			);
			inputFileListPaths = (
			);
			inputPaths = (
				"${PODS_PODFILE_DIR_PATH}/Podfile.lock",
				"${PODS_ROOT}/Manifest.lock",
			);
			name = "[CP] Check Pods Manifest.lock";
			outputFileListPaths = (
			);
			outputPaths = (
				"$(DERIVED_FILE_DIR)/Pods-the-giftcher-ios-checkManifestLockResult.txt",
			);
			runOnlyForDeploymentPostprocessing = 0;
			shellPath = /bin/sh;
			shellScript = "diff \"${PODS_PODFILE_DIR_PATH}/Podfile.lock\" \"${PODS_ROOT}/Manifest.lock\" > /dev/null\nif [ $? != 0 ] ; then\n    # print error to STDERR\n    echo \"error: The sandbox is not in sync with the Podfile.lock. Run 'pod install' or update your CocoaPods installation.\" >&2\n    exit 1\nfi\n# This output is used by Xcode 'outputs' to avoid re-running this script phase.\necho \"SUCCESS\" > \"${SCRIPT_OUTPUT_FILE_0}\"\n";
			showEnvVarsInLog = 0;
		};
		CE19F4F87597971588B7F811 /* [CP] Embed Pods Frameworks */ = {
			isa = PBXShellScriptBuildPhase;
			buildActionMask = 2147483647;
			files = (
			);
			inputFileListPaths = (
				"${PODS_ROOT}/Target Support Files/Pods-the-giftcher-ios/Pods-the-giftcher-ios-frameworks-${CONFIGURATION}-input-files.xcfilelist",
			);
			name = "[CP] Embed Pods Frameworks";
			outputFileListPaths = (
				"${PODS_ROOT}/Target Support Files/Pods-the-giftcher-ios/Pods-the-giftcher-ios-frameworks-${CONFIGURATION}-output-files.xcfilelist",
			);
			runOnlyForDeploymentPostprocessing = 0;
			shellPath = /bin/sh;
			shellScript = "\"${PODS_ROOT}/Target Support Files/Pods-the-giftcher-ios/Pods-the-giftcher-ios-frameworks.sh\"\n";
			showEnvVarsInLog = 0;
		};
/* End PBXShellScriptBuildPhase section */

/* Begin PBXSourcesBuildPhase section */
		237BFC40244915FF00AC8F98 /* Sources */ = {
			isa = PBXSourcesBuildPhase;
			buildActionMask = 2147483647;
			files = (
				C6E1A0002459F07900C864A9 /* Session.swift in Sources */,
				C6E1A0092459F29E00C864A9 /* String+Utils.swift in Sources */,
				C6E1A0022459F0B800C864A9 /* UserModel.swift in Sources */,
				C6C08886244C68FE00CB0A7A /* SearchVC.swift in Sources */,
				237BFC672450FA1800AC8F98 /* Mappable.swift in Sources */,
				C6C08884244C68DA00CB0A7A /* AddWishVC.swift in Sources */,
				C6C08888244C69CB00CB0A7A /* FriendsVC.swift in Sources */,
				C6C08882244C68A800CB0A7A /* ProfileVC.swift in Sources */,
				237BFC5C244A1A4900AC8F98 /* LoginViewController.swift in Sources */,
				C6E1A0102459F6AB00C864A9 /* MockConnection.swift in Sources */,
				C6C0887C244C660500CB0A7A /* HomeVC.swift in Sources */,
				237BFC5E244B243A00AC8F98 /* RegisterViewController.swift in Sources */,
				237BFC6C2453884700AC8F98 /* FriendDetailVC.swift in Sources */,
				C6C0887E244C673F00CB0A7A /* BaseVC.swift in Sources */,
				C6E1A00D2459F4B300C864A9 /* MSMutableDataExtension.swift in Sources */,
				C6E19FFE2459F05300C864A9 /* Connection.swift in Sources */,
				C6E1A0122459F6E000C864A9 /* DataMapper.swift in Sources */,
				237BFC61244B492C00AC8F98 /* MainTabBarController.swift in Sources */,
				237BFC4C244915FF00AC8F98 /* ViewController.swift in Sources */,
				C6DEBF3B245209B800F3F156 /* MyCollectionViewCell.swift in Sources */,
				C6E19FFC2459E3F300C864A9 /* WishDetailVC.swift in Sources */,
				237BFC48244915FF00AC8F98 /* AppDelegate.swift in Sources */,
				237BFC7024538B4800AC8F98 /* AddFriendsVC.swift in Sources */,
				237BFC4A244915FF00AC8F98 /* SceneDelegate.swift in Sources */,
				C6E1A0162459F96900C864A9 /* InputLogin.swift in Sources */,
				C6E1A00B2459F34B00C864A9 /* Constants.swift in Sources */,
			);
			runOnlyForDeploymentPostprocessing = 0;
		};
/* End PBXSourcesBuildPhase section */

/* Begin PBXVariantGroup section */
		237BFC4D244915FF00AC8F98 /* Main.storyboard */ = {
			isa = PBXVariantGroup;
			children = (
				237BFC4E244915FF00AC8F98 /* Base */,
			);
			name = Main.storyboard;
			sourceTree = "<group>";
		};
		237BFC522449160500AC8F98 /* LaunchScreen.storyboard */ = {
			isa = PBXVariantGroup;
			children = (
				237BFC532449160500AC8F98 /* Base */,
			);
			name = LaunchScreen.storyboard;
			sourceTree = "<group>";
		};
/* End PBXVariantGroup section */

/* Begin XCBuildConfiguration section */
		237BFC562449160500AC8F98 /* Debug */ = {
			isa = XCBuildConfiguration;
			buildSettings = {
				ALWAYS_SEARCH_USER_PATHS = NO;
				CLANG_ANALYZER_NONNULL = YES;
				CLANG_ANALYZER_NUMBER_OBJECT_CONVERSION = YES_AGGRESSIVE;
				CLANG_CXX_LANGUAGE_STANDARD = "gnu++14";
				CLANG_CXX_LIBRARY = "libc++";
				CLANG_ENABLE_MODULES = YES;
				CLANG_ENABLE_OBJC_ARC = YES;
				CLANG_ENABLE_OBJC_WEAK = YES;
				CLANG_WARN_BLOCK_CAPTURE_AUTORELEASING = YES;
				CLANG_WARN_BOOL_CONVERSION = YES;
				CLANG_WARN_COMMA = YES;
				CLANG_WARN_CONSTANT_CONVERSION = YES;
				CLANG_WARN_DEPRECATED_OBJC_IMPLEMENTATIONS = YES;
				CLANG_WARN_DIRECT_OBJC_ISA_USAGE = YES_ERROR;
				CLANG_WARN_DOCUMENTATION_COMMENTS = YES;
				CLANG_WARN_EMPTY_BODY = YES;
				CLANG_WARN_ENUM_CONVERSION = YES;
				CLANG_WARN_INFINITE_RECURSION = YES;
				CLANG_WARN_INT_CONVERSION = YES;
				CLANG_WARN_NON_LITERAL_NULL_CONVERSION = YES;
				CLANG_WARN_OBJC_IMPLICIT_RETAIN_SELF = YES;
				CLANG_WARN_OBJC_LITERAL_CONVERSION = YES;
				CLANG_WARN_OBJC_ROOT_CLASS = YES_ERROR;
				CLANG_WARN_RANGE_LOOP_ANALYSIS = YES;
				CLANG_WARN_STRICT_PROTOTYPES = YES;
				CLANG_WARN_SUSPICIOUS_MOVE = YES;
				CLANG_WARN_UNGUARDED_AVAILABILITY = YES_AGGRESSIVE;
				CLANG_WARN_UNREACHABLE_CODE = YES;
				CLANG_WARN__DUPLICATE_METHOD_MATCH = YES;
				COPY_PHASE_STRIP = NO;
				DEBUG_INFORMATION_FORMAT = dwarf;
				ENABLE_STRICT_OBJC_MSGSEND = YES;
				ENABLE_TESTABILITY = YES;
				GCC_C_LANGUAGE_STANDARD = gnu11;
				GCC_DYNAMIC_NO_PIC = NO;
				GCC_NO_COMMON_BLOCKS = YES;
				GCC_OPTIMIZATION_LEVEL = 0;
				GCC_PREPROCESSOR_DEFINITIONS = (
					"DEBUG=1",
					"$(inherited)",
				);
				GCC_WARN_64_TO_32_BIT_CONVERSION = YES;
				GCC_WARN_ABOUT_RETURN_TYPE = YES_ERROR;
				GCC_WARN_UNDECLARED_SELECTOR = YES;
				GCC_WARN_UNINITIALIZED_AUTOS = YES_AGGRESSIVE;
				GCC_WARN_UNUSED_FUNCTION = YES;
				GCC_WARN_UNUSED_VARIABLE = YES;
				IPHONEOS_DEPLOYMENT_TARGET = 13.4;
				MTL_ENABLE_DEBUG_INFO = INCLUDE_SOURCE;
				MTL_FAST_MATH = YES;
				ONLY_ACTIVE_ARCH = YES;
				SDKROOT = iphoneos;
				SWIFT_ACTIVE_COMPILATION_CONDITIONS = DEBUG;
				SWIFT_OPTIMIZATION_LEVEL = "-Onone";
			};
			name = Debug;
		};
		237BFC572449160500AC8F98 /* Release */ = {
			isa = XCBuildConfiguration;
			buildSettings = {
				ALWAYS_SEARCH_USER_PATHS = NO;
				CLANG_ANALYZER_NONNULL = YES;
				CLANG_ANALYZER_NUMBER_OBJECT_CONVERSION = YES_AGGRESSIVE;
				CLANG_CXX_LANGUAGE_STANDARD = "gnu++14";
				CLANG_CXX_LIBRARY = "libc++";
				CLANG_ENABLE_MODULES = YES;
				CLANG_ENABLE_OBJC_ARC = YES;
				CLANG_ENABLE_OBJC_WEAK = YES;
				CLANG_WARN_BLOCK_CAPTURE_AUTORELEASING = YES;
				CLANG_WARN_BOOL_CONVERSION = YES;
				CLANG_WARN_COMMA = YES;
				CLANG_WARN_CONSTANT_CONVERSION = YES;
				CLANG_WARN_DEPRECATED_OBJC_IMPLEMENTATIONS = YES;
				CLANG_WARN_DIRECT_OBJC_ISA_USAGE = YES_ERROR;
				CLANG_WARN_DOCUMENTATION_COMMENTS = YES;
				CLANG_WARN_EMPTY_BODY = YES;
				CLANG_WARN_ENUM_CONVERSION = YES;
				CLANG_WARN_INFINITE_RECURSION = YES;
				CLANG_WARN_INT_CONVERSION = YES;
				CLANG_WARN_NON_LITERAL_NULL_CONVERSION = YES;
				CLANG_WARN_OBJC_IMPLICIT_RETAIN_SELF = YES;
				CLANG_WARN_OBJC_LITERAL_CONVERSION = YES;
				CLANG_WARN_OBJC_ROOT_CLASS = YES_ERROR;
				CLANG_WARN_RANGE_LOOP_ANALYSIS = YES;
				CLANG_WARN_STRICT_PROTOTYPES = YES;
				CLANG_WARN_SUSPICIOUS_MOVE = YES;
				CLANG_WARN_UNGUARDED_AVAILABILITY = YES_AGGRESSIVE;
				CLANG_WARN_UNREACHABLE_CODE = YES;
				CLANG_WARN__DUPLICATE_METHOD_MATCH = YES;
				COPY_PHASE_STRIP = NO;
				DEBUG_INFORMATION_FORMAT = "dwarf-with-dsym";
				ENABLE_NS_ASSERTIONS = NO;
				ENABLE_STRICT_OBJC_MSGSEND = YES;
				GCC_C_LANGUAGE_STANDARD = gnu11;
				GCC_NO_COMMON_BLOCKS = YES;
				GCC_WARN_64_TO_32_BIT_CONVERSION = YES;
				GCC_WARN_ABOUT_RETURN_TYPE = YES_ERROR;
				GCC_WARN_UNDECLARED_SELECTOR = YES;
				GCC_WARN_UNINITIALIZED_AUTOS = YES_AGGRESSIVE;
				GCC_WARN_UNUSED_FUNCTION = YES;
				GCC_WARN_UNUSED_VARIABLE = YES;
				IPHONEOS_DEPLOYMENT_TARGET = 13.4;
				MTL_ENABLE_DEBUG_INFO = NO;
				MTL_FAST_MATH = YES;
				SDKROOT = iphoneos;
				SWIFT_COMPILATION_MODE = wholemodule;
				SWIFT_OPTIMIZATION_LEVEL = "-O";
				VALIDATE_PRODUCT = YES;
			};
			name = Release;
		};
		237BFC592449160500AC8F98 /* Debug */ = {
			isa = XCBuildConfiguration;
			baseConfigurationReference = 57E344FF23855232109D91C8 /* Pods-the-giftcher-ios.debug.xcconfig */;
			buildSettings = {
				CODE_SIGN_STYLE = Automatic;
				DEVELOPMENT_TEAM = 9BPL4R75T5;
				INFOPLIST_FILE = "the-giftcher-ios/Info.plist";
				LD_RUNPATH_SEARCH_PATHS = (
					"$(inherited)",
					"@executable_path/Frameworks",
				);
				PRODUCT_BUNDLE_IDENTIFIER = TheGiftcher;
				PRODUCT_NAME = "$(TARGET_NAME)";
				SWIFT_VERSION = 5.0;
				TARGETED_DEVICE_FAMILY = 1;
			};
			name = Debug;
		};
		237BFC5A2449160500AC8F98 /* Release */ = {
			isa = XCBuildConfiguration;
			baseConfigurationReference = 555E94C1DB5489E4E04AF4EB /* Pods-the-giftcher-ios.release.xcconfig */;
			buildSettings = {
				CODE_SIGN_STYLE = Automatic;
				DEVELOPMENT_TEAM = 9BNC5UMV9K;
				INFOPLIST_FILE = "the-giftcher-ios/Info.plist";
				LD_RUNPATH_SEARCH_PATHS = (
					"$(inherited)",
					"@executable_path/Frameworks",
				);
				PRODUCT_BUNDLE_IDENTIFIER = "com.cursocev.the-giftcher-ios";
				PRODUCT_NAME = "$(TARGET_NAME)";
				SWIFT_VERSION = 5.0;
				TARGETED_DEVICE_FAMILY = 1;
			};
			name = Release;
		};
/* End XCBuildConfiguration section */

/* Begin XCConfigurationList section */
		237BFC3F244915FF00AC8F98 /* Build configuration list for PBXProject "the-giftcher-ios" */ = {
			isa = XCConfigurationList;
			buildConfigurations = (
				237BFC562449160500AC8F98 /* Debug */,
				237BFC572449160500AC8F98 /* Release */,
			);
			defaultConfigurationIsVisible = 0;
			defaultConfigurationName = Release;
		};
		237BFC582449160500AC8F98 /* Build configuration list for PBXNativeTarget "the-giftcher-ios" */ = {
			isa = XCConfigurationList;
			buildConfigurations = (
				237BFC592449160500AC8F98 /* Debug */,
				237BFC5A2449160500AC8F98 /* Release */,
			);
			defaultConfigurationIsVisible = 0;
			defaultConfigurationName = Release;
		};
/* End XCConfigurationList section */
	};
	rootObject = 237BFC3C244915FF00AC8F98 /* Project object */;
}
